
Microsoft Visual Studio Solution File, Format Version 12.00
# Visual Studio 15
VisualStudioVersion = 15.0.28010.2036
MinimumVisualStudioVersion = 10.0.40219.1
Project("{9092AA53-FB77-4645-B42D-1CCCA6BD08BD}") = "MixerTestBot", "MixerTestBot\MixerTestBot.njsproj", "{BBA1A461-18E5-4CDE-BA37-BE5467BA4619}"
EndProject
Global
	GlobalSection(SolutionConfigurationPlatforms) = preSolution
		Debug|Any CPU = Debug|Any CPU
		Release|Any CPU = Release|Any CPU
	EndGlobalSection
	GlobalSection(ProjectConfigurationPlatforms) = postSolution
		{BBA1A461-18E5-4CDE-BA37-BE5467BA4619}.Debug|Any CPU.ActiveCfg = Debug|Any CPU
		{BBA1A461-18E5-4CDE-BA37-BE5467BA4619}.Debug|Any CPU.Build.0 = Debug|Any CPU
		{BBA1A461-18E5-4CDE-BA37-BE5467BA4619}.Release|Any CPU.ActiveCfg = Release|Any CPU
		{BBA1A461-18E5-4CDE-BA37-BE5467BA4619}.Release|Any CPU.Build.0 = Release|Any CPU
	EndGlobalSection
	GlobalSection(SolutionProperties) = preSolution
		HideSolutionNode = FALSE
	EndGlobalSection
	GlobalSection(ExtensibilityGlobals) = postSolution
		SolutionGuid = {CA3E2D18-8D04-4C5E-821A-DAAF338145EB}
	EndGlobalSection
EndGlobal
